
Microsoft Visual Studio Solution File, Format Version 12.00
# Visual Studio Version 17
VisualStudioVersion = 17.4.33122.133
MinimumVisualStudioVersion = 10.0.40219.1
Project("{FAE04EC0-301F-11D3-BF4B-00C04F79EFBC}") = "MétodoEjemplo2", "MétodoEjemplo2\MétodoEjemplo2.csproj", "{F1F8E97A-C37F-43D0-83AF-C8519D2DD696}"
EndProject
Project("{FAE04EC0-301F-11D3-BF4B-00C04F79EFBC}") = "MétodoEjemplo3", "MétodoEjemplo3\MétodoEjemplo3.csproj", "{1BD6AC5F-FFEE-4D8B-BC13-52D94904D18A}"
EndProject
Project("{FAE04EC0-301F-11D3-BF4B-00C04F79EFBC}") = "Excepciones", "Excepciones\Excepciones.csproj", "{43ED9319-0D7E-4941-A20B-29C149F2B7E8}"
EndProject
Global
	GlobalSection(SolutionConfigurationPlatforms) = preSolution
		Debug|Any CPU = Debug|Any CPU
		Release|Any CPU = Release|Any CPU
	EndGlobalSection
	GlobalSection(ProjectConfigurationPlatforms) = postSolution
		{F1F8E97A-C37F-43D0-83AF-C8519D2DD696}.Debug|Any CPU.ActiveCfg = Debug|Any CPU
		{F1F8E97A-C37F-43D0-83AF-C8519D2DD696}.Debug|Any CPU.Build.0 = Debug|Any CPU
		{F1F8E97A-C37F-43D0-83AF-C8519D2DD696}.Release|Any CPU.ActiveCfg = Release|Any CPU
		{F1F8E97A-C37F-43D0-83AF-C8519D2DD696}.Release|Any CPU.Build.0 = Release|Any CPU
		{1BD6AC5F-FFEE-4D8B-BC13-52D94904D18A}.Debug|Any CPU.ActiveCfg = Debug|Any CPU
		{1BD6AC5F-FFEE-4D8B-BC13-52D94904D18A}.Debug|Any CPU.Build.0 = Debug|Any CPU
		{1BD6AC5F-FFEE-4D8B-BC13-52D94904D18A}.Release|Any CPU.ActiveCfg = Release|Any CPU
		{1BD6AC5F-FFEE-4D8B-BC13-52D94904D18A}.Release|Any CPU.Build.0 = Release|Any CPU
		{43ED9319-0D7E-4941-A20B-29C149F2B7E8}.Debug|Any CPU.ActiveCfg = Debug|Any CPU
		{43ED9319-0D7E-4941-A20B-29C149F2B7E8}.Debug|Any CPU.Build.0 = Debug|Any CPU
		{43ED9319-0D7E-4941-A20B-29C149F2B7E8}.Release|Any CPU.ActiveCfg = Release|Any CPU
		{43ED9319-0D7E-4941-A20B-29C149F2B7E8}.Release|Any CPU.Build.0 = Release|Any CPU
	EndGlobalSection
	GlobalSection(SolutionProperties) = preSolution
		HideSolutionNode = FALSE
	EndGlobalSection
	GlobalSection(ExtensibilityGlobals) = postSolution
		SolutionGuid = {B220F2F2-5630-44C9-9BA4-5B6A5B1FCCF8}
	EndGlobalSection
EndGlobal
